
Microsoft Visual Studio Solution File, Format Version 12.00
# Visual Studio Version 17
VisualStudioVersion = 17.14.36202.13 d17.14
MinimumVisualStudioVersion = 10.0.40219.1
Project("{FAE04EC0-301F-11D3-BF4B-00C04F79EFBC}") = "JoborbitApi", "JoborbitApi\JoborbitApi.csproj", "{C5133955-994E-4445-821F-69CE05C5E9D0}"
EndProject
Project("{FAE04EC0-301F-11D3-BF4B-00C04F79EFBC}") = "JobsApi.Domain", "JobsApi.Domain\JobsApi.Domain.csproj", "{453F102F-72ED-4E4A-B72A-BB0123A8768F}"
EndProject
Project("{FAE04EC0-301F-11D3-BF4B-00C04F79EFBC}") = "JobsApi.Application", "JobsApi.Application\JobsApi.Application.csproj", "{432F8A49-8945-4E36-9E73-C640B554D3F9}"
EndProject
Project("{FAE04EC0-301F-11D3-BF4B-00C04F79EFBC}") = "JobsApi.Infrastructure", "JobsApi.Infrastructure\JobsApi.Infrastructure.csproj", "{87AA77E3-234B-4D51-8909-C2FA33BD051C}"
	ProjectSection(ProjectDependencies) = postProject
		{432F8A49-8945-4E36-9E73-C640B554D3F9} = {432F8A49-8945-4E36-9E73-C640B554D3F9}
	EndProjectSection
EndProject
Global
	GlobalSection(SolutionConfigurationPlatforms) = preSolution
		Debug|Any CPU = Debug|Any CPU
		Release|Any CPU = Release|Any CPU
	EndGlobalSection
	GlobalSection(ProjectConfigurationPlatforms) = postSolution
		{C5133955-994E-4445-821F-69CE05C5E9D0}.Debug|Any CPU.ActiveCfg = Debug|Any CPU
		{C5133955-994E-4445-821F-69CE05C5E9D0}.Debug|Any CPU.Build.0 = Debug|Any CPU
		{C5133955-994E-4445-821F-69CE05C5E9D0}.Release|Any CPU.ActiveCfg = Release|Any CPU
		{C5133955-994E-4445-821F-69CE05C5E9D0}.Release|Any CPU.Build.0 = Release|Any CPU
		{453F102F-72ED-4E4A-B72A-BB0123A8768F}.Debug|Any CPU.ActiveCfg = Debug|Any CPU
		{453F102F-72ED-4E4A-B72A-BB0123A8768F}.Debug|Any CPU.Build.0 = Debug|Any CPU
		{453F102F-72ED-4E4A-B72A-BB0123A8768F}.Release|Any CPU.ActiveCfg = Release|Any CPU
		{453F102F-72ED-4E4A-B72A-BB0123A8768F}.Release|Any CPU.Build.0 = Release|Any CPU
		{432F8A49-8945-4E36-9E73-C640B554D3F9}.Debug|Any CPU.ActiveCfg = Debug|Any CPU
		{432F8A49-8945-4E36-9E73-C640B554D3F9}.Debug|Any CPU.Build.0 = Debug|Any CPU
		{432F8A49-8945-4E36-9E73-C640B554D3F9}.Release|Any CPU.ActiveCfg = Release|Any CPU
		{432F8A49-8945-4E36-9E73-C640B554D3F9}.Release|Any CPU.Build.0 = Release|Any CPU
		{87AA77E3-234B-4D51-8909-C2FA33BD051C}.Debug|Any CPU.ActiveCfg = Debug|Any CPU
		{87AA77E3-234B-4D51-8909-C2FA33BD051C}.Debug|Any CPU.Build.0 = Debug|Any CPU
		{87AA77E3-234B-4D51-8909-C2FA33BD051C}.Release|Any CPU.ActiveCfg = Release|Any CPU
		{87AA77E3-234B-4D51-8909-C2FA33BD051C}.Release|Any CPU.Build.0 = Release|Any CPU
	EndGlobalSection
	GlobalSection(SolutionProperties) = preSolution
		HideSolutionNode = FALSE
	EndGlobalSection
	GlobalSection(ExtensibilityGlobals) = postSolution
		SolutionGuid = {B84D6A97-B1E3-4DA2-B0CE-710341F5AD6D}
	EndGlobalSection
EndGlobal
